dependencies:
- name: database
  repository: ""
  version: 1.0.0
- name: redis
  repository: file://./subcharts/redis
  version: 2.0.0
- name: common
  repository: https://charts.bitnami.com/bitnami
  version: 2.31.4
digest: sha256:a8e7d10ded8816f57df7eefb762d4bcaf9f987fe8fcbd0d1445545ba11af961b
generated: "2025-08-27T20:41:57.689574-04:00"
